
Microsoft Visual Studio Solution File, Format Version 12.00
# Visual Studio Version 17
VisualStudioVersion = 17.6.33717.318
MinimumVisualStudioVersion = 10.0.40219.1
Project("{FAE04EC0-301F-11D3-BF4B-00C04F79EFBC}") = "StudentEmploymentPortal", "StudentEmploymentPortal.csproj", "{80593C21-6B36-46ED-BAFF-3F49978FBBE5}"
EndProject
Global
	GlobalSection(SolutionConfigurationPlatforms) = preSolution
		Debug|Any CPU = Debug|Any CPU
		Release|Any CPU = Release|Any CPU
	EndGlobalSection
	GlobalSection(ProjectConfigurationPlatforms) = postSolution
		{80593C21-6B36-46ED-BAFF-3F49978FBBE5}.Debug|Any CPU.ActiveCfg = Debug|Any CPU
		{80593C21-6B36-46ED-BAFF-3F49978FBBE5}.Debug|Any CPU.Build.0 = Debug|Any CPU
		{80593C21-6B36-46ED-BAFF-3F49978FBBE5}.Release|Any CPU.ActiveCfg = Release|Any CPU
		{80593C21-6B36-46ED-BAFF-3F49978FBBE5}.Release|Any CPU.Build.0 = Release|Any CPU
	EndGlobalSection
	GlobalSection(SolutionProperties) = preSolution
		HideSolutionNode = FALSE
	EndGlobalSection
	GlobalSection(ExtensibilityGlobals) = postSolution
		SolutionGuid = {7761FFEB-963B-43C6-89F7-0760BA7075FB}
	EndGlobalSection
EndGlobal
